
Microsoft Visual Studio Solution File, Format Version 12.00
# Visual Studio Version 16
VisualStudioVersion = 16.0.31112.23
MinimumVisualStudioVersion = 10.0.40219.1
Project("{FAE04EC0-301F-11D3-BF4B-00C04F79EFBC}") = "exercize_eight", "exercize_eight\exercize_eight.csproj", "{DE362DC5-DCD9-4E3F-9492-90D706D16EEF}"
EndProject
Global
	GlobalSection(SolutionConfigurationPlatforms) = preSolution
		Debug|Any CPU = Debug|Any CPU
		Release|Any CPU = Release|Any CPU
	EndGlobalSection
	GlobalSection(ProjectConfigurationPlatforms) = postSolution
		{DE362DC5-DCD9-4E3F-9492-90D706D16EEF}.Debug|Any CPU.ActiveCfg = Debug|Any CPU
		{DE362DC5-DCD9-4E3F-9492-90D706D16EEF}.Debug|Any CPU.Build.0 = Debug|Any CPU
		{DE362DC5-DCD9-4E3F-9492-90D706D16EEF}.Release|Any CPU.ActiveCfg = Release|Any CPU
		{DE362DC5-DCD9-4E3F-9492-90D706D16EEF}.Release|Any CPU.Build.0 = Release|Any CPU
	EndGlobalSection
	GlobalSection(SolutionProperties) = preSolution
		HideSolutionNode = FALSE
	EndGlobalSection
	GlobalSection(ExtensibilityGlobals) = postSolution
		SolutionGuid = {68B0417F-9209-4231-800C-31155AD8B374}
	EndGlobalSection
EndGlobal
