
Microsoft Visual Studio Solution File, Format Version 12.00
# Visual Studio Version 16
VisualStudioVersion = 16.0.31112.23
MinimumVisualStudioVersion = 10.0.40219.1
Project("{FAE04EC0-301F-11D3-BF4B-00C04F79EFBC}") = "exercise_seven", "exercise_seven\exercise_seven.csproj", "{9EDAF0D7-FC64-40CD-A1BA-118CC5EE4A4F}"
EndProject
Global
	GlobalSection(SolutionConfigurationPlatforms) = preSolution
		Debug|Any CPU = Debug|Any CPU
		Release|Any CPU = Release|Any CPU
	EndGlobalSection
	GlobalSection(ProjectConfigurationPlatforms) = postSolution
		{9EDAF0D7-FC64-40CD-A1BA-118CC5EE4A4F}.Debug|Any CPU.ActiveCfg = Debug|Any CPU
		{9EDAF0D7-FC64-40CD-A1BA-118CC5EE4A4F}.Debug|Any CPU.Build.0 = Debug|Any CPU
		{9EDAF0D7-FC64-40CD-A1BA-118CC5EE4A4F}.Release|Any CPU.ActiveCfg = Release|Any CPU
		{9EDAF0D7-FC64-40CD-A1BA-118CC5EE4A4F}.Release|Any CPU.Build.0 = Release|Any CPU
	EndGlobalSection
	GlobalSection(SolutionProperties) = preSolution
		HideSolutionNode = FALSE
	EndGlobalSection
	GlobalSection(ExtensibilityGlobals) = postSolution
		SolutionGuid = {42068645-6C92-45EB-A813-D71D8A0DC962}
	EndGlobalSection
EndGlobal
