
Microsoft Visual Studio Solution File, Format Version 12.00
# Visual Studio Version 16
VisualStudioVersion = 16.0.31112.23
MinimumVisualStudioVersion = 10.0.40219.1
Project("{FAE04EC0-301F-11D3-BF4B-00C04F79EFBC}") = "exercise_six", "exercise_six\exercise_six.csproj", "{7719B175-5EBC-413F-934B-D7374BB5C574}"
EndProject
Global
	GlobalSection(SolutionConfigurationPlatforms) = preSolution
		Debug|Any CPU = Debug|Any CPU
		Release|Any CPU = Release|Any CPU
	EndGlobalSection
	GlobalSection(ProjectConfigurationPlatforms) = postSolution
		{7719B175-5EBC-413F-934B-D7374BB5C574}.Debug|Any CPU.ActiveCfg = Debug|Any CPU
		{7719B175-5EBC-413F-934B-D7374BB5C574}.Debug|Any CPU.Build.0 = Debug|Any CPU
		{7719B175-5EBC-413F-934B-D7374BB5C574}.Release|Any CPU.ActiveCfg = Release|Any CPU
		{7719B175-5EBC-413F-934B-D7374BB5C574}.Release|Any CPU.Build.0 = Release|Any CPU
	EndGlobalSection
	GlobalSection(SolutionProperties) = preSolution
		HideSolutionNode = FALSE
	EndGlobalSection
	GlobalSection(ExtensibilityGlobals) = postSolution
		SolutionGuid = {1A8223E9-CB80-4A01-AF97-94D82E355A05}
	EndGlobalSection
EndGlobal
