
Microsoft Visual Studio Solution File, Format Version 12.00
# Visual Studio Version 16
VisualStudioVersion = 16.0.31112.23
MinimumVisualStudioVersion = 10.0.40219.1
Project("{FAE04EC0-301F-11D3-BF4B-00C04F79EFBC}") = "exercise_one", "exercise_one\exercise_one.csproj", "{1D328B89-721C-48DD-B356-0333D984ADC5}"
EndProject
Global
	GlobalSection(SolutionConfigurationPlatforms) = preSolution
		Debug|Any CPU = Debug|Any CPU
		Release|Any CPU = Release|Any CPU
	EndGlobalSection
	GlobalSection(ProjectConfigurationPlatforms) = postSolution
		{1D328B89-721C-48DD-B356-0333D984ADC5}.Debug|Any CPU.ActiveCfg = Debug|Any CPU
		{1D328B89-721C-48DD-B356-0333D984ADC5}.Debug|Any CPU.Build.0 = Debug|Any CPU
		{1D328B89-721C-48DD-B356-0333D984ADC5}.Release|Any CPU.ActiveCfg = Release|Any CPU
		{1D328B89-721C-48DD-B356-0333D984ADC5}.Release|Any CPU.Build.0 = Release|Any CPU
	EndGlobalSection
	GlobalSection(SolutionProperties) = preSolution
		HideSolutionNode = FALSE
	EndGlobalSection
	GlobalSection(ExtensibilityGlobals) = postSolution
		SolutionGuid = {A53D385B-88B3-42E3-ACA3-C0FF7F00CBF3}
	EndGlobalSection
EndGlobal
