
Microsoft Visual Studio Solution File, Format Version 12.00
# Visual Studio Version 16
VisualStudioVersion = 16.0.31112.23
MinimumVisualStudioVersion = 10.0.40219.1
Project("{FAE04EC0-301F-11D3-BF4B-00C04F79EFBC}") = "exercise_three", "exercise_three\exercise_three.csproj", "{444A2164-9174-47DE-8830-D7B98261F502}"
EndProject
Global
	GlobalSection(SolutionConfigurationPlatforms) = preSolution
		Debug|Any CPU = Debug|Any CPU
		Release|Any CPU = Release|Any CPU
	EndGlobalSection
	GlobalSection(ProjectConfigurationPlatforms) = postSolution
		{444A2164-9174-47DE-8830-D7B98261F502}.Debug|Any CPU.ActiveCfg = Debug|Any CPU
		{444A2164-9174-47DE-8830-D7B98261F502}.Debug|Any CPU.Build.0 = Debug|Any CPU
		{444A2164-9174-47DE-8830-D7B98261F502}.Release|Any CPU.ActiveCfg = Release|Any CPU
		{444A2164-9174-47DE-8830-D7B98261F502}.Release|Any CPU.Build.0 = Release|Any CPU
	EndGlobalSection
	GlobalSection(SolutionProperties) = preSolution
		HideSolutionNode = FALSE
	EndGlobalSection
	GlobalSection(ExtensibilityGlobals) = postSolution
		SolutionGuid = {6169B69A-377E-40A5-A44C-5D7F0EC092A1}
	EndGlobalSection
EndGlobal
